// !$*UTF8*$!
{
	archiveVersion = 1;
	classes = {
	};
	objectVersion = 46;
	objects = {

/* Begin PBXBuildFile section */
		AA732CDD1B3DE86300F228F7 /* main.m in Sources */ = {isa = PBXBuildFile; fileRef = AA732CDC1B3DE86300F228F7 /* main.m */; };
		AA732CE01B3DE86300F228F7 /* AppDelegate.m in Sources */ = {isa = PBXBuildFile; fileRef = AA732CDF1B3DE86300F228F7 /* AppDelegate.m */; };
		AA732CE31B3DE86300F228F7 /* ViewController.m in Sources */ = {isa = PBXBuildFile; fileRef = AA732CE21B3DE86300F228F7 /* ViewController.m */; };
		AA732CE61B3DE86300F228F7 /* Main.storyboard in Resources */ = {isa = PBXBuildFile; fileRef = AA732CE41B3DE86300F228F7 /* Main.storyboard */; };
		AA732CE81B3DE86300F228F7 /* Images.xcassets in Resources */ = {isa = PBXBuildFile; fileRef = AA732CE71B3DE86300F228F7 /* Images.xcassets */; };
		AA732CEB1B3DE86300F228F7 /* LaunchScreen.xib in Resources */ = {isa = PBXBuildFile; fileRef = AA732CE91B3DE86300F228F7 /* LaunchScreen.xib */; };
		AA732CF71B3DE86300F228F7 /* RotateViewsTests.m in Sources */ = {isa = PBXBuildFile; fileRef = AA732CF61B3DE86300F228F7 /* RotateViewsTests.m */; };
/* End PBXBuildFile section */

/* Begin PBXContainerItemProxy section */
		AA732CF11B3DE86300F228F7 /* PBXContainerItemProxy */ = {
			isa = PBXContainerItemProxy;
			containerPortal = AA732CCF1B3DE86300F228F7 /* Project object */;
			proxyType = 1;
			remoteGlobalIDString = AA732CD61B3DE86300F228F7;
			remoteInfo = RotateViews;
		};
/* End PBXContainerItemProxy section */

/* Begin PBXFileReference section */
		AA732CD71B3DE86300F228F7 /* RotateViews.app */ = {isa = PBXFileReference; explicitFileType = wrapper.application; includeInIndex = 0; path = RotateViews.app; sourceTree = BUILT_PRODUCTS_DIR; };
		AA732CDB1B3DE86300F228F7 /* Info.plist */ = {isa = PBXFileReference; lastKnownFileType = text.plist.xml; path = Info.plist; sourceTree = "<group>"; };
		AA732CDC1B3DE86300F228F7 /* main.m */ = {isa = PBXFileReference; lastKnownFileType = sourcecode.c.objc; path = main.m; sourceTree = "<group>"; };
		AA732CDE1B3DE86300F228F7 /* AppDelegate.h */ = {isa = PBXFileReference; lastKnownFileType = sourcecode.c.h; path = AppDelegate.h; sourceTree = "<group>"; };
		AA732CDF1B3DE86300F228F7 /* AppDelegate.m */ = {isa = PBXFileReference; lastKnownFileType = sourcecode.c.objc; path = AppDelegate.m; sourceTree = "<group>"; };
		AA732CE11B3DE86300F228F7 /* ViewController.h */ = {isa = PBXFileReference; lastKnownFileType = sourcecode.c.h; path = ViewController.h; sourceTree = "<group>"; };
		AA732CE21B3DE86300F228F7 /* ViewController.m */ = {isa = PBXFileReference; lastKnownFileType = sourcecode.c.objc; path = ViewController.m; sourceTree = "<group>"; };
		AA732CE51B3DE86300F228F7 /* Base */ = {isa = PBXFileReference; lastKnownFileType = file.storyboard; name = Base; path = Base.lproj/Main.storyboard; sourceTree = "<group>"; };
		AA732CE71B3DE86300F228F7 /* Images.xcassets */ = {isa = PBXFileReference; lastKnownFileType = folder.assetcatalog; path = Images.xcassets; sourceTree = "<group>"; };
		AA732CEA1B3DE86300F228F7 /* Base */ = {isa = PBXFileReference; lastKnownFileType = file.xib; name = Base; path = Base.lproj/LaunchScreen.xib; sourceTree = "<group>"; };
		AA732CF01B3DE86300F228F7 /* RotateViewsTests.xctest */ = {isa = PBXFileReference; explicitFileType = wrapper.cfbundle; includeInIndex = 0; path = RotateViewsTests.xctest; sourceTree = BUILT_PRODUCTS_DIR; };
		AA732CF51B3DE86300F228F7 /* Info.plist */ = {isa = PBXFileReference; lastKnownFileType = text.plist.xml; path = Info.plist; sourceTree = "<group>"; };
		AA732CF61B3DE86300F228F7 /* RotateViewsTests.m */ = {isa = PBXFileReference; lastKnownFileType = sourcecode.c.objc; path = RotateViewsTests.m; sourceTree = "<group>"; };
/* End PBXFileReference section */

/* Begin PBXFrameworksBuildPhase section */
		AA732CD41B3DE86300F228F7 /* Frameworks */ = {
			isa = PBXFrameworksBuildPhase;
			buildActionMask = 2147483647;
			files = (
			);
			runOnlyForDeploymentPostprocessing = 0;
		};
		AA732CED1B3DE86300F228F7 /* Frameworks */ = {
			isa = PBXFrameworksBuildPhase;
			buildActionMask = 2147483647;
			files = (
			);
			runOnlyForDeploymentPostprocessing = 0;
		};
/* End PBXFrameworksBuildPhase section */

/* Begin PBXGroup section */
		AA732CCE1B3DE86300F228F7 = {
			isa = PBXGroup;
			children = (
				AA732CD91B3DE86300F228F7 /* RotateViews */,
				AA732CF31B3DE86300F228F7 /* RotateViewsTests */,
				AA732CD81B3DE86300F228F7 /* Products */,
			);
			sourceTree = "<group>";
		};
		AA732CD81B3DE86300F228F7 /* Products */ = {
			isa = PBXGroup;
			children = (
				AA732CD71B3DE86300F228F7 /* RotateViews.app */,
				AA732CF01B3DE86300F228F7 /* RotateViewsTests.xctest */,
			);
			name = Products;
			sourceTree = "<group>";
		};
		AA732CD91B3DE86300F228F7 /* RotateViews */ = {
			isa = PBXGroup;
			children = (
				AA732CDE1B3DE86300F228F7 /* AppDelegate.h */,
				AA732CDF1B3DE86300F228F7 /* AppDelegate.m */,
				AA732CE11B3DE86300F228F7 /* ViewController.h */,
				AA732CE21B3DE86300F228F7 /* ViewController.m */,
				AA732CE41B3DE86300F228F7 /* Main.storyboard */,
				AA732CE71B3DE86300F228F7 /* Images.xcassets */,
				AA732CE91B3DE86300F228F7 /* LaunchScreen.xib */,
				AA732CDA1B3DE86300F228F7 /* Supporting Files */,
			);
			path = RotateViews;
			sourceTree = "<group>";
		};
		AA732CDA1B3DE86300F228F7 /* Supporting Files */ = {
			isa = PBXGroup;
			children = (
				AA732CDB1B3DE86300F228F7 /* Info.plist */,
				AA732CDC1B3DE86300F228F7 /* main.m */,
			);
			name = "Supporting Files";
			sourceTree = "<group>";
		};
		AA732CF31B3DE86300F228F7 /* RotateViewsTests */ = {
			isa = PBXGroup;
			children = (
				AA732CF61B3DE86300F228F7 /* RotateViewsTests.m */,
				AA732CF41B3DE86300F228F7 /* Supporting Files */,
			);
			path = RotateViewsTests;
			sourceTree = "<group>";
		};
		AA732CF41B3DE86300F228F7 /* Supporting Files */ = {
			isa = PBXGroup;
			children = (
				AA732CF51B3DE86300F228F7 /* Info.plist */,
			);
			name = "Supporting Files";
			sourceTree = "<group>";
		};
/* End PBXGroup section */

/* Begin PBXNativeTarget section */
		AA732CD61B3DE86300F228F7 /* RotateViews */ = {
			isa = PBXNativeTarget;
			buildConfigurationList = AA732CFA1B3DE86300F228F7 /* Build configuration list for PBXNativeTarget "RotateViews" */;
			buildPhases = (
				AA732CD31B3DE86300F228F7 /* Sources */,
				AA732CD41B3DE86300F228F7 /* Frameworks */,
				AA732CD51B3DE86300F228F7 /* Resources */,
			);
			buildRules = (
			);
			dependencies = (
			);
			name = RotateViews;
			productName = RotateViews;
			productReference = AA732CD71B3DE86300F228F7 /* RotateViews.app */;
			productType = "com.apple.product-type.application";
		};
		AA732CEF1B3DE86300F228F7 /* RotateViewsTests */ = {
			isa = PBXNativeTarget;
			buildConfigurationList = AA732CFD1B3DE86300F228F7 /* Build configuration list for PBXNativeTarget "RotateViewsTests" */;
			buildPhases = (
				AA732CEC1B3DE86300F228F7 /* Sources */,
				AA732CED1B3DE86300F228F7 /* Frameworks */,
				AA732CEE1B3DE86300F228F7 /* Resources */,
			);
			buildRules = (
			);
			dependencies = (
				AA732CF21B3DE86300F228F7 /* PBXTargetDependency */,
			);
			name = RotateViewsTests;
			productName = RotateViewsTests;
			productReference = AA732CF01B3DE86300F228F7 /* RotateViewsTests.xctest */;
			productType = "com.apple.product-type.bundle.unit-test";
		};
/* End PBXNativeTarget section */

/* Begin PBXProject section */
		AA732CCF1B3DE86300F228F7 /* Project object */ = {
			isa = PBXProject;
			attributes = {
				LastUpgradeCheck = 0630;
				ORGANIZATIONNAME = "Cemico Inc";
				TargetAttributes = {
					AA732CD61B3DE86300F228F7 = {
						CreatedOnToolsVersion = 6.3.2;
					};
					AA732CEF1B3DE86300F228F7 = {
						CreatedOnToolsVersion = 6.3.2;
						TestTargetID = AA732CD61B3DE86300F228F7;
					};
				};
			};
			buildConfigurationList = AA732CD21B3DE86300F228F7 /* Build configuration list for PBXProject "RotateViews" */;
			compatibilityVersion = "Xcode 3.2";
			developmentRegion = English;
			hasScannedForEncodings = 0;
			knownRegions = (
				en,
				Base,
			);
			mainGroup = AA732CCE1B3DE86300F228F7;
			productRefGroup = AA732CD81B3DE86300F228F7 /* Products */;
			projectDirPath = "";
			projectRoot = "";
			targets = (
				AA732CD61B3DE86300F228F7 /* RotateViews */,
				AA732CEF1B3DE86300F228F7 /* RotateViewsTests */,
			);
		};
/* End PBXProject section */

/* Begin PBXResourcesBuildPhase section */
		AA732CD51B3DE86300F228F7 /* Resources */ = {
			isa = PBXResourcesBuildPhase;
			buildActionMask = 2147483647;
			files = (
				AA732CE61B3DE86300F228F7 /* Main.storyboard in Resources */,
				AA732CEB1B3DE86300F228F7 /* LaunchScreen.xib in Resources */,
				AA732CE81B3DE86300F228F7 /* Images.xcassets in Resources */,
			);
			runOnlyForDeploymentPostprocessing = 0;
		};
		AA732CEE1B3DE86300F228F7 /* Resources */ = {
			isa = PBXResourcesBuildPhase;
			buildActionMask = 2147483647;
			files = (
			);
			runOnlyForDeploymentPostprocessing = 0;
		};
/* End PBXResourcesBuildPhase section */

/* Begin PBXSourcesBuildPhase section */
		AA732CD31B3DE86300F228F7 /* Sources */ = {
			isa = PBXSourcesBuildPhase;
			buildActionMask = 2147483647;
			files = (
				AA732CE31B3DE86300F228F7 /* ViewController.m in Sources */,
				AA732CE01B3DE86300F228F7 /* AppDelegate.m in Sources */,
				AA732CDD1B3DE86300F228F7 /* main.m in Sources */,
			);
			runOnlyForDeploymentPostprocessing = 0;
		};
		AA732CEC1B3DE86300F228F7 /* Sources */ = {
			isa = PBXSourcesBuildPhase;
			buildActionMask = 2147483647;
			files = (
				AA732CF71B3DE86300F228F7 /* RotateViewsTests.m in Sources */,
			);
			runOnlyForDeploymentPostprocessing = 0;
		};
/* End PBXSourcesBuildPhase section */

/* Begin PBXTargetDependency section */
		AA732CF21B3DE86300F228F7 /* PBXTargetDependency */ = {
			isa = PBXTargetDependency;
			target = AA732CD61B3DE86300F228F7 /* RotateViews */;
			targetProxy = AA732CF11B3DE86300F228F7 /* PBXContainerItemProxy */;
		};
/* End PBXTargetDependency section */

/* Begin PBXVariantGroup section */
		AA732CE41B3DE86300F228F7 /* Main.storyboard */ = {
			isa = PBXVariantGroup;
			children = (
				AA732CE51B3DE86300F228F7 /* Base */,
			);
			name = Main.storyboard;
			sourceTree = "<group>";
		};
		AA732CE91B3DE86300F228F7 /* LaunchScreen.xib */ = {
			isa = PBXVariantGroup;
			children = (
				AA732CEA1B3DE86300F228F7 /* Base */,
			);
			name = LaunchScreen.xib;
			sourceTree = "<group>";
		};
/* End PBXVariantGroup section */

/* Begin XCBuildConfiguration section */
		AA732CF81B3DE86300F228F7 /* Debug */ = {
			isa = XCBuildConfiguration;
			buildSettings = {
				ALWAYS_SEARCH_USER_PATHS = NO;
				CLANG_CXX_LANGUAGE_STANDARD = "gnu++0x";
				CLANG_CXX_LIBRARY = "libc++";
				CLANG_ENABLE_MODULES = YES;
				CLANG_ENABLE_OBJC_ARC = YES;
				CLANG_WARN_BOOL_CONVERSION = YES;
				CLANG_WARN_CONSTANT_CONVERSION = YES;
				CLANG_WARN_DIRECT_OBJC_ISA_USAGE = YES_ERROR;
				CLANG_WARN_EMPTY_BODY = YES;
				CLANG_WARN_ENUM_CONVERSION = YES;
				CLANG_WARN_INT_CONVERSION = YES;
				CLANG_WARN_OBJC_ROOT_CLASS = YES_ERROR;
				CLANG_WARN_UNREACHABLE_CODE = YES;
				CLANG_WARN__DUPLICATE_METHOD_MATCH = YES;
				"CODE_SIGN_IDENTITY[sdk=iphoneos*]" = "iPhone Developer";
				COPY_PHASE_STRIP = NO;
				DEBUG_INFORMATION_FORMAT = "dwarf-with-dsym";
				ENABLE_STRICT_OBJC_MSGSEND = YES;
				GCC_C_LANGUAGE_STANDARD = gnu99;
				GCC_DYNAMIC_NO_PIC = NO;
				GCC_NO_COMMON_BLOCKS = YES;
				GCC_OPTIMIZATION_LEVEL = 0;
				GCC_PREPROCESSOR_DEFINITIONS = (
					"DEBUG=1",
					"$(inherited)",
				);
				GCC_SYMBOLS_PRIVATE_EXTERN = NO;
				GCC_WARN_64_TO_32_BIT_CONVERSION = YES;
				GCC_WARN_ABOUT_RETURN_TYPE = YES_ERROR;
				GCC_WARN_UNDECLARED_SELECTOR = YES;
				GCC_WARN_UNINITIALIZED_AUTOS = YES_AGGRESSIVE;
				GCC_WARN_UNUSED_FUNCTION = YES;
				GCC_WARN_UNUSED_VARIABLE = YES;
				IPHONEOS_DEPLOYMENT_TARGET = 8.3;
				MTL_ENABLE_DEBUG_INFO = YES;
				ONLY_ACTIVE_ARCH = YES;
				SDKROOT = iphoneos;
				TARGETED_DEVICE_FAMILY = "1,2";
			};
			name = Debug;
		};
		AA732CF91B3DE86300F228F7 /* Release */ = {
			isa = XCBuildConfiguration;
			buildSettings = {
				ALWAYS_SEARCH_USER_PATHS = NO;
				CLANG_CXX_LANGUAGE_STANDARD = "gnu++0x";
				CLANG_CXX_LIBRARY = "libc++";
				CLANG_ENABLE_MODULES = YES;
				CLANG_ENABLE_OBJC_ARC = YES;
				CLANG_WARN_BOOL_CONVERSION = YES;
				CLANG_WARN_CONSTANT_CONVERSION = YES;
				CLANG_WARN_DIRECT_OBJC_ISA_USAGE = YES_ERROR;
				CLANG_WARN_EMPTY_BODY = YES;
				CLANG_WARN_ENUM_CONVERSION = YES;
				CLANG_WARN_INT_CONVERSION = YES;
				CLANG_WARN_OBJC_ROOT_CLASS = YES_ERROR;
				CLANG_WARN_UNREACHABLE_CODE = YES;
				CLANG_WARN__DUPLICATE_METHOD_MATCH = YES;
				"CODE_SIGN_IDENTITY[sdk=iphoneos*]" = "iPhone Developer";
				COPY_PHASE_STRIP = NO;
				DEBUG_INFORMATION_FORMAT = "dwarf-with-dsym";
				ENABLE_NS_ASSERTIONS = NO;
				ENABLE_STRICT_OBJC_MSGSEND = YES;
				GCC_C_LANGUAGE_STANDARD = gnu99;
				GCC_NO_COMMON_BLOCKS = YES;
				GCC_WARN_64_TO_32_BIT_CONVERSION = YES;
				GCC_WARN_ABOUT_RETURN_TYPE = YES_ERROR;
				GCC_WARN_UNDECLARED_SELECTOR = YES;
				GCC_WARN_UNINITIALIZED_AUTOS = YES_AGGRESSIVE;
				GCC_WARN_UNUSED_FUNCTION = YES;
				GCC_WARN_UNUSED_VARIABLE = YES;
				IPHONEOS_DEPLOYMENT_TARGET = 8.3;
				MTL_ENABLE_DEBUG_INFO = NO;
				SDKROOT = iphoneos;
				TARGETED_DEVICE_FAMILY = "1,2";
				VALIDATE_PRODUCT = YES;
			};
			name = Release;
		};
		AA732CFB1B3DE86300F228F7 /* Debug */ = {
			isa = XCBuildConfiguration;
			buildSettings = {
				ASSETCATALOG_COMPILER_APPICON_NAME = AppIcon;
				INFOPLIST_FILE = RotateViews/Info.plist;
				LD_RUNPATH_SEARCH_PATHS = "$(inherited) @executable_path/Frameworks";
				PRODUCT_NAME = "$(TARGET_NAME)";
				TARGETED_DEVICE_FAMILY = "1,2";
			};
			name = Debug;
		};
		AA732CFC1B3DE86300F228F7 /* Release */ = {
			isa = XCBuildConfiguration;
			buildSettings = {
				ASSETCATALOG_COMPILER_APPICON_NAME = AppIcon;
				INFOPLIST_FILE = RotateViews/Info.plist;
				LD_RUNPATH_SEARCH_PATHS = "$(inherited) @executable_path/Frameworks";
				PRODUCT_NAME = "$(TARGET_NAME)";
				TARGETED_DEVICE_FAMILY = "1,2";
			};
			name = Release;
		};
		AA732CFE1B3DE86300F228F7 /* Debug */ = {
			isa = XCBuildConfiguration;
			buildSettings = {
				BUNDLE_LOADER = "$(TEST_HOST)";
				FRAMEWORK_SEARCH_PATHS = (
					"$(SDKROOT)/Developer/Library/Frameworks",
					"$(inherited)",
				);
				GCC_PREPROCESSOR_DEFINITIONS = (
					"DEBUG=1",
					"$(inherited)",
				);
				INFOPLIST_FILE = RotateViewsTests/Info.plist;
				LD_RUNPATH_SEARCH_PATHS = "$(inherited) @executable_path/Frameworks @loader_path/Frameworks";
				PRODUCT_NAME = "$(TARGET_NAME)";
				TEST_HOST = "$(BUILT_PRODUCTS_DIR)/RotateViews.app/RotateViews";
			};
			name = Debug;
		};
		AA732CFF1B3DE86300F228F7 /* Release */ = {
			isa = XCBuildConfiguration;
			buildSettings = {
				BUNDLE_LOADER = "$(TEST_HOST)";
				FRAMEWORK_SEARCH_PATHS = (
					"$(SDKROOT)/Developer/Library/Frameworks",
					"$(inherited)",
				);
				INFOPLIST_FILE = RotateViewsTests/Info.plist;
				LD_RUNPATH_SEARCH_PATHS = "$(inherited) @executable_path/Frameworks @loader_path/Frameworks";
				PRODUCT_NAME = "$(TARGET_NAME)";
				TEST_HOST = "$(BUILT_PRODUCTS_DIR)/RotateViews.app/RotateViews";
			};
			name = Release;
		};
/* End XCBuildConfiguration section */

/* Begin XCConfigurationList section */
		AA732CD21B3DE86300F228F7 /* Build configuration list for PBXProject "RotateViews" */ = {
			isa = XCConfigurationList;
			buildConfigurations = (
				AA732CF81B3DE86300F228F7 /* Debug */,
				AA732CF91B3DE86300F228F7 /* Release */,
			);
			defaultConfigurationIsVisible = 0;
			defaultConfigurationName = Release;
		};
		AA732CFA1B3DE86300F228F7 /* Build configuration list for PBXNativeTarget "RotateViews" */ = {
			isa = XCConfigurationList;
			buildConfigurations = (
				AA732CFB1B3DE86300F228F7 /* Debug */,
				AA732CFC1B3DE86300F228F7 /* Release */,
			);
			defaultConfigurationIsVisible = 0;
		};
		AA732CFD1B3DE86300F228F7 /* Build configuration list for PBXNativeTarget "RotateViewsTests" */ = {
			isa = XCConfigurationList;
			buildConfigurations = (
				AA732CFE1B3DE86300F228F7 /* Debug */,
				AA732CFF1B3DE86300F228F7 /* Release */,
			);
			defaultConfigurationIsVisible = 0;
		};
/* End XCConfigurationList section */
	};
	rootObject = AA732CCF1B3DE86300F228F7 /* Project object */;
}
